
Microsoft Visual Studio Solution File, Format Version 12.00
# Visual Studio Version 17
VisualStudioVersion = 17.2.32630.192
MinimumVisualStudioVersion = 10.0.40219.1
Project("{9A19103F-16F7-4668-BE54-9A1E7A4F7556}") = "CGS.Handler", "src\CGS.Handler\CGS.Handler.csproj", "{79013A2A-37DF-458E-AA7E-64612DE4C808}"
EndProject
Project("{FAE04EC0-301F-11D3-BF4B-00C04F79EFBC}") = "CGS.Utils", "src\CGS.Utils\CGS.Utils.csproj", "{504ADFF8-11D8-4CAB-939F-A15C5350C008}"
EndProject
Project("{FAE04EC0-301F-11D3-BF4B-00C04F79EFBC}") = "CGS.Domain", "src\CGS.Domain\CGS.Domain.csproj", "{70F05BA2-6F34-401F-AFD2-21DF9D7E4AE4}"
EndProject
Project("{FAE04EC0-301F-11D3-BF4B-00C04F79EFBC}") = "CGS.Infra", "src\CGS.Infra\CGS.Infra.csproj", "{1178FC2F-797C-4E99-A748-AFEB6CA9A7E1}"
EndProject
Project("{FAE04EC0-301F-11D3-BF4B-00C04F79EFBC}") = "CGS.UnitTest", "tests\CGS.UnitTest\CGS.UnitTest.csproj", "{BB8B1073-B8C1-492C-8E99-BE4EF1BEB913}"
EndProject
Project("{2150E333-8FDC-42A3-9474-1A3956D46DE8}") = "Tests", "Tests", "{1F0449A9-A91E-4A08-B37E-7922B90F87D1}"
EndProject
Global
	GlobalSection(SolutionConfigurationPlatforms) = preSolution
		Debug|Any CPU = Debug|Any CPU
		Release|Any CPU = Release|Any CPU
	EndGlobalSection
	GlobalSection(ProjectConfigurationPlatforms) = postSolution
		{79013A2A-37DF-458E-AA7E-64612DE4C808}.Debug|Any CPU.ActiveCfg = Debug|Any CPU
		{79013A2A-37DF-458E-AA7E-64612DE4C808}.Debug|Any CPU.Build.0 = Debug|Any CPU
		{79013A2A-37DF-458E-AA7E-64612DE4C808}.Release|Any CPU.ActiveCfg = Release|Any CPU
		{79013A2A-37DF-458E-AA7E-64612DE4C808}.Release|Any CPU.Build.0 = Release|Any CPU
		{504ADFF8-11D8-4CAB-939F-A15C5350C008}.Debug|Any CPU.ActiveCfg = Debug|Any CPU
		{504ADFF8-11D8-4CAB-939F-A15C5350C008}.Debug|Any CPU.Build.0 = Debug|Any CPU
		{504ADFF8-11D8-4CAB-939F-A15C5350C008}.Release|Any CPU.ActiveCfg = Release|Any CPU
		{504ADFF8-11D8-4CAB-939F-A15C5350C008}.Release|Any CPU.Build.0 = Release|Any CPU
		{70F05BA2-6F34-401F-AFD2-21DF9D7E4AE4}.Debug|Any CPU.ActiveCfg = Debug|Any CPU
		{70F05BA2-6F34-401F-AFD2-21DF9D7E4AE4}.Debug|Any CPU.Build.0 = Debug|Any CPU
		{70F05BA2-6F34-401F-AFD2-21DF9D7E4AE4}.Release|Any CPU.ActiveCfg = Release|Any CPU
		{70F05BA2-6F34-401F-AFD2-21DF9D7E4AE4}.Release|Any CPU.Build.0 = Release|Any CPU
		{1178FC2F-797C-4E99-A748-AFEB6CA9A7E1}.Debug|Any CPU.ActiveCfg = Debug|Any CPU
		{1178FC2F-797C-4E99-A748-AFEB6CA9A7E1}.Debug|Any CPU.Build.0 = Debug|Any CPU
		{1178FC2F-797C-4E99-A748-AFEB6CA9A7E1}.Release|Any CPU.ActiveCfg = Release|Any CPU
		{1178FC2F-797C-4E99-A748-AFEB6CA9A7E1}.Release|Any CPU.Build.0 = Release|Any CPU
		{BB8B1073-B8C1-492C-8E99-BE4EF1BEB913}.Debug|Any CPU.ActiveCfg = Debug|Any CPU
		{BB8B1073-B8C1-492C-8E99-BE4EF1BEB913}.Debug|Any CPU.Build.0 = Debug|Any CPU
		{BB8B1073-B8C1-492C-8E99-BE4EF1BEB913}.Release|Any CPU.ActiveCfg = Release|Any CPU
		{BB8B1073-B8C1-492C-8E99-BE4EF1BEB913}.Release|Any CPU.Build.0 = Release|Any CPU
	EndGlobalSection
	GlobalSection(SolutionProperties) = preSolution
		HideSolutionNode = FALSE
	EndGlobalSection
	GlobalSection(NestedProjects) = preSolution
		{BB8B1073-B8C1-492C-8E99-BE4EF1BEB913} = {1F0449A9-A91E-4A08-B37E-7922B90F87D1}
	EndGlobalSection
	GlobalSection(ExtensibilityGlobals) = postSolution
		SolutionGuid = {46CB9475-F60C-4B04-93C5-8FA19E6BBD72}
	EndGlobalSection
EndGlobal
